
Microsoft Visual Studio Solution File, Format Version 12.00
# Visual Studio 15
VisualStudioVersion = 15.0.28307.902
MinimumVisualStudioVersion = 10.0.40219.1
Project("{159641D6-6404-4A2A-AE62-294DE0FE8301}") = "QuaTrinhETLOlap", "QuaTrinhETLOlap\QuaTrinhETLOlap.dtproj", "{54FE43F8-534A-4A8A-94A1-BA6852E0DB7A}"
EndProject
Global
	GlobalSection(SolutionConfigurationPlatforms) = preSolution
		Development|Default = Development|Default
	EndGlobalSection
	GlobalSection(ProjectConfigurationPlatforms) = postSolution
		{54FE43F8-534A-4A8A-94A1-BA6852E0DB7A}.Development|Default.ActiveCfg = Development
		{54FE43F8-534A-4A8A-94A1-BA6852E0DB7A}.Development|Default.Build.0 = Development
	EndGlobalSection
	GlobalSection(SolutionProperties) = preSolution
		HideSolutionNode = FALSE
	EndGlobalSection
	GlobalSection(ExtensibilityGlobals) = postSolution
		SolutionGuid = {DC5D8956-7F49-4BB1-BF3C-AED52ECB7DBA}
	EndGlobalSection
EndGlobal
