
Microsoft Visual Studio Solution File, Format Version 12.00
# Visual Studio 15
VisualStudioVersion = 15.0.28307.902
MinimumVisualStudioVersion = 10.0.40219.1
Project("{D2ABAB84-BF74-430A-B69E-9DC6D40DDA17}") = "SSASOlap", "SSASOlap\SSASOlap.dwproj", "{C284A0C2-5CA8-4CF5-879D-2E5BA6130D3F}"
EndProject
Global
	GlobalSection(SolutionConfigurationPlatforms) = preSolution
		Development|Default = Development|Default
	EndGlobalSection
	GlobalSection(ProjectConfigurationPlatforms) = postSolution
		{C284A0C2-5CA8-4CF5-879D-2E5BA6130D3F}.Development|Default.ActiveCfg = Development
		{C284A0C2-5CA8-4CF5-879D-2E5BA6130D3F}.Development|Default.Build.0 = Development
		{C284A0C2-5CA8-4CF5-879D-2E5BA6130D3F}.Development|Default.Deploy.0 = Development
	EndGlobalSection
	GlobalSection(SolutionProperties) = preSolution
		HideSolutionNode = FALSE
	EndGlobalSection
	GlobalSection(ExtensibilityGlobals) = postSolution
		SolutionGuid = {1BA8BE75-073B-47CC-A053-45386B4A4594}
	EndGlobalSection
EndGlobal
